
Microsoft Visual Studio Solution File, Format Version 12.00
# Visual Studio Version 17
VisualStudioVersion = 17.9.34622.214
MinimumVisualStudioVersion = 10.0.40219.1
Project("{FAE04EC0-301F-11D3-BF4B-00C04F79EFBC}") = "InterpreterForBasic", "InterpreterForBasic\InterpreterForBasic.csproj", "{796C20E5-6E94-44E7-A2BF-A1FFCE33FE96}"
	ProjectSection(ProjectDependencies) = postProject
		{763ED223-F868-4965-B8D7-57DE1B282A08} = {763ED223-F868-4965-B8D7-57DE1B282A08}
	EndProjectSection
EndProject
Project("{FAE04EC0-301F-11D3-BF4B-00C04F79EFBC}") = "InterpreterForBasic.Domain", "InterpreterForBasic.Domain\InterpreterForBasic.Domain.csproj", "{763ED223-F868-4965-B8D7-57DE1B282A08}"
EndProject
Global
	GlobalSection(SolutionConfigurationPlatforms) = preSolution
		Debug|Any CPU = Debug|Any CPU
		Release|Any CPU = Release|Any CPU
	EndGlobalSection
	GlobalSection(ProjectConfigurationPlatforms) = postSolution
		{796C20E5-6E94-44E7-A2BF-A1FFCE33FE96}.Debug|Any CPU.ActiveCfg = Debug|Any CPU
		{796C20E5-6E94-44E7-A2BF-A1FFCE33FE96}.Debug|Any CPU.Build.0 = Debug|Any CPU
		{796C20E5-6E94-44E7-A2BF-A1FFCE33FE96}.Release|Any CPU.ActiveCfg = Release|Any CPU
		{796C20E5-6E94-44E7-A2BF-A1FFCE33FE96}.Release|Any CPU.Build.0 = Release|Any CPU
		{763ED223-F868-4965-B8D7-57DE1B282A08}.Debug|Any CPU.ActiveCfg = Debug|Any CPU
		{763ED223-F868-4965-B8D7-57DE1B282A08}.Debug|Any CPU.Build.0 = Debug|Any CPU
		{763ED223-F868-4965-B8D7-57DE1B282A08}.Release|Any CPU.ActiveCfg = Release|Any CPU
		{763ED223-F868-4965-B8D7-57DE1B282A08}.Release|Any CPU.Build.0 = Release|Any CPU
	EndGlobalSection
	GlobalSection(SolutionProperties) = preSolution
		HideSolutionNode = FALSE
	EndGlobalSection
	GlobalSection(ExtensibilityGlobals) = postSolution
		SolutionGuid = {5B972405-57C0-4A91-AE88-774A4487F2E1}
	EndGlobalSection
EndGlobal
